
Microsoft Visual Studio Solution File, Format Version 12.00
# Visual Studio Version 16
VisualStudioVersion = 16.0.32106.194
MinimumVisualStudioVersion = 10.0.40219.1
Project("{FAE04EC0-301F-11D3-BF4B-00C04F79EFBC}") = "Day6Zadanie1", "Day6Zadanie1.csproj", "{815C6889-53C5-47CA-977C-5D06856E62DC}"
EndProject
Global
	GlobalSection(SolutionConfigurationPlatforms) = preSolution
		Debug|Any CPU = Debug|Any CPU
		Release|Any CPU = Release|Any CPU
	EndGlobalSection
	GlobalSection(ProjectConfigurationPlatforms) = postSolution
		{815C6889-53C5-47CA-977C-5D06856E62DC}.Debug|Any CPU.ActiveCfg = Debug|Any CPU
		{815C6889-53C5-47CA-977C-5D06856E62DC}.Debug|Any CPU.Build.0 = Debug|Any CPU
		{815C6889-53C5-47CA-977C-5D06856E62DC}.Release|Any CPU.ActiveCfg = Release|Any CPU
		{815C6889-53C5-47CA-977C-5D06856E62DC}.Release|Any CPU.Build.0 = Release|Any CPU
	EndGlobalSection
	GlobalSection(SolutionProperties) = preSolution
		HideSolutionNode = FALSE
	EndGlobalSection
	GlobalSection(ExtensibilityGlobals) = postSolution
		SolutionGuid = {79AD5EE7-54D0-4CE0-A432-54AD727739C4}
	EndGlobalSection
EndGlobal
