
Microsoft Visual Studio Solution File, Format Version 12.00
# Visual Studio Version 16
VisualStudioVersion = 16.0.32002.261
MinimumVisualStudioVersion = 10.0.40219.1
Project("{FAE04EC0-301F-11D3-BF4B-00C04F79EFBC}") = "Day5Zadanie2", "Day5Zadanie2.csproj", "{30C5A090-61B0-44E6-8521-B2A3921AA4A5}"
EndProject
Global
	GlobalSection(SolutionConfigurationPlatforms) = preSolution
		Debug|Any CPU = Debug|Any CPU
		Release|Any CPU = Release|Any CPU
	EndGlobalSection
	GlobalSection(ProjectConfigurationPlatforms) = postSolution
		{30C5A090-61B0-44E6-8521-B2A3921AA4A5}.Debug|Any CPU.ActiveCfg = Debug|Any CPU
		{30C5A090-61B0-44E6-8521-B2A3921AA4A5}.Debug|Any CPU.Build.0 = Debug|Any CPU
		{30C5A090-61B0-44E6-8521-B2A3921AA4A5}.Release|Any CPU.ActiveCfg = Release|Any CPU
		{30C5A090-61B0-44E6-8521-B2A3921AA4A5}.Release|Any CPU.Build.0 = Release|Any CPU
	EndGlobalSection
	GlobalSection(SolutionProperties) = preSolution
		HideSolutionNode = FALSE
	EndGlobalSection
	GlobalSection(ExtensibilityGlobals) = postSolution
		SolutionGuid = {E64F2AEA-0EA4-4437-8436-281677DBDF2E}
	EndGlobalSection
EndGlobal
