
Microsoft Visual Studio Solution File, Format Version 12.00
# Visual Studio Version 16
VisualStudioVersion = 16.0.32002.261
MinimumVisualStudioVersion = 10.0.40219.1
Project("{FAE04EC0-301F-11D3-BF4B-00C04F79EFBC}") = "Zadanie3Practice", "Zadanie3Practice.csproj", "{9E6C91A1-32C4-462D-BAFC-133B6EE1D491}"
EndProject
Global
	GlobalSection(SolutionConfigurationPlatforms) = preSolution
		Debug|Any CPU = Debug|Any CPU
		Release|Any CPU = Release|Any CPU
	EndGlobalSection
	GlobalSection(ProjectConfigurationPlatforms) = postSolution
		{9E6C91A1-32C4-462D-BAFC-133B6EE1D491}.Debug|Any CPU.ActiveCfg = Debug|Any CPU
		{9E6C91A1-32C4-462D-BAFC-133B6EE1D491}.Debug|Any CPU.Build.0 = Debug|Any CPU
		{9E6C91A1-32C4-462D-BAFC-133B6EE1D491}.Release|Any CPU.ActiveCfg = Release|Any CPU
		{9E6C91A1-32C4-462D-BAFC-133B6EE1D491}.Release|Any CPU.Build.0 = Release|Any CPU
	EndGlobalSection
	GlobalSection(SolutionProperties) = preSolution
		HideSolutionNode = FALSE
	EndGlobalSection
	GlobalSection(ExtensibilityGlobals) = postSolution
		SolutionGuid = {ADBF3ABD-DA79-41E5-B62C-9BEC109CD71B}
	EndGlobalSection
EndGlobal
