
Microsoft Visual Studio Solution File, Format Version 12.00
# Visual Studio Version 16
VisualStudioVersion = 16.0.32106.194
MinimumVisualStudioVersion = 10.0.40219.1
Project("{FAE04EC0-301F-11D3-BF4B-00C04F79EFBC}") = "Day6Zadanie2", "Day6Zadanie2.csproj", "{C5616EB1-79B3-4B7B-AD5E-72BEE1D4ADE9}"
EndProject
Global
	GlobalSection(SolutionConfigurationPlatforms) = preSolution
		Debug|Any CPU = Debug|Any CPU
		Release|Any CPU = Release|Any CPU
	EndGlobalSection
	GlobalSection(ProjectConfigurationPlatforms) = postSolution
		{C5616EB1-79B3-4B7B-AD5E-72BEE1D4ADE9}.Debug|Any CPU.ActiveCfg = Debug|Any CPU
		{C5616EB1-79B3-4B7B-AD5E-72BEE1D4ADE9}.Debug|Any CPU.Build.0 = Debug|Any CPU
		{C5616EB1-79B3-4B7B-AD5E-72BEE1D4ADE9}.Release|Any CPU.ActiveCfg = Release|Any CPU
		{C5616EB1-79B3-4B7B-AD5E-72BEE1D4ADE9}.Release|Any CPU.Build.0 = Release|Any CPU
	EndGlobalSection
	GlobalSection(SolutionProperties) = preSolution
		HideSolutionNode = FALSE
	EndGlobalSection
	GlobalSection(ExtensibilityGlobals) = postSolution
		SolutionGuid = {DBAA1051-66DB-467D-B7B9-6AB5D7BCA797}
	EndGlobalSection
EndGlobal
