
Microsoft Visual Studio Solution File, Format Version 12.00
# Visual Studio Version 16
VisualStudioVersion = 16.0.32002.261
MinimumVisualStudioVersion = 10.0.40219.1
Project("{FAE04EC0-301F-11D3-BF4B-00C04F79EFBC}") = "Day3Zadanie4", "Day3Zadanie4.csproj", "{CA5AE3CC-AA69-49AF-AEA4-A7000CEDFB80}"
EndProject
Global
	GlobalSection(SolutionConfigurationPlatforms) = preSolution
		Debug|Any CPU = Debug|Any CPU
		Release|Any CPU = Release|Any CPU
	EndGlobalSection
	GlobalSection(ProjectConfigurationPlatforms) = postSolution
		{CA5AE3CC-AA69-49AF-AEA4-A7000CEDFB80}.Debug|Any CPU.ActiveCfg = Debug|Any CPU
		{CA5AE3CC-AA69-49AF-AEA4-A7000CEDFB80}.Debug|Any CPU.Build.0 = Debug|Any CPU
		{CA5AE3CC-AA69-49AF-AEA4-A7000CEDFB80}.Release|Any CPU.ActiveCfg = Release|Any CPU
		{CA5AE3CC-AA69-49AF-AEA4-A7000CEDFB80}.Release|Any CPU.Build.0 = Release|Any CPU
	EndGlobalSection
	GlobalSection(SolutionProperties) = preSolution
		HideSolutionNode = FALSE
	EndGlobalSection
	GlobalSection(ExtensibilityGlobals) = postSolution
		SolutionGuid = {63B47615-0C77-4D3E-8A68-D48368D28B27}
	EndGlobalSection
EndGlobal
