
Microsoft Visual Studio Solution File, Format Version 12.00
# Visual Studio Version 16
VisualStudioVersion = 16.0.32002.261
MinimumVisualStudioVersion = 10.0.40219.1
Project("{FAE04EC0-301F-11D3-BF4B-00C04F79EFBC}") = "Day3Zadanie3", "Day3Zadanie3.csproj", "{B3F303C4-2A2C-43CC-BBBF-D90C1422C308}"
EndProject
Global
	GlobalSection(SolutionConfigurationPlatforms) = preSolution
		Debug|Any CPU = Debug|Any CPU
		Release|Any CPU = Release|Any CPU
	EndGlobalSection
	GlobalSection(ProjectConfigurationPlatforms) = postSolution
		{B3F303C4-2A2C-43CC-BBBF-D90C1422C308}.Debug|Any CPU.ActiveCfg = Debug|Any CPU
		{B3F303C4-2A2C-43CC-BBBF-D90C1422C308}.Debug|Any CPU.Build.0 = Debug|Any CPU
		{B3F303C4-2A2C-43CC-BBBF-D90C1422C308}.Release|Any CPU.ActiveCfg = Release|Any CPU
		{B3F303C4-2A2C-43CC-BBBF-D90C1422C308}.Release|Any CPU.Build.0 = Release|Any CPU
	EndGlobalSection
	GlobalSection(SolutionProperties) = preSolution
		HideSolutionNode = FALSE
	EndGlobalSection
	GlobalSection(ExtensibilityGlobals) = postSolution
		SolutionGuid = {6371A255-C811-4094-AB75-ED7604C877E3}
	EndGlobalSection
EndGlobal
